// !$*UTF8*$!
{
	archiveVersion = 1;
	classes = {
	};
	objectVersion = 46;
	objects = {

/* Begin PBXBuildFile section */
		D332C55F1D02AE3F000AB35A /* Avatar.swift in Sources */ = {isa = PBXBuildFile; fileRef = D332C55E1D02AE3F000AB35A /* Avatar.swift */; };
		D332C5631D02AF9B000AB35A /* ChoosingAvatarTableViewController.swift in Sources */ = {isa = PBXBuildFile; fileRef = D332C5621D02AF9B000AB35A /* ChoosingAvatarTableViewController.swift */; };
		D332C5651D02F73B000AB35A /* SettingNameViewController.swift in Sources */ = {isa = PBXBuildFile; fileRef = D332C5641D02F73B000AB35A /* SettingNameViewController.swift */; };
		D332C5671D03132F000AB35A /* Constant.swift in Sources */ = {isa = PBXBuildFile; fileRef = D332C5661D03132F000AB35A /* Constant.swift */; };
		D3C6104E1D016DB5003038B9 /* AppDelegate.swift in Sources */ = {isa = PBXBuildFile; fileRef = D3C6104D1D016DB5003038B9 /* AppDelegate.swift */; };
		D3C610551D016DB5003038B9 /* Main.storyboard in Resources */ = {isa = PBXBuildFile; fileRef = D3C610531D016DB5003038B9 /* Main.storyboard */; };
		D3C610571D016DB5003038B9 /* Assets.xcassets in Resources */ = {isa = PBXBuildFile; fileRef = D3C610561D016DB5003038B9 /* Assets.xcassets */; };
		D3C6105A1D016DB5003038B9 /* LaunchScreen.storyboard in Resources */ = {isa = PBXBuildFile; fileRef = D3C610581D016DB5003038B9 /* LaunchScreen.storyboard */; };
		D3C610621D019A21003038B9 /* ProfileViewController.swift in Sources */ = {isa = PBXBuildFile; fileRef = D3C610611D019A21003038B9 /* ProfileViewController.swift */; };
		D3CBD6B41D04110500AE443A /* BattleViewController.swift in Sources */ = {isa = PBXBuildFile; fileRef = D3CBD6B31D04110500AE443A /* BattleViewController.swift */; };
		D3CBD6B61D0411E200AE443A /* Unit.swift in Sources */ = {isa = PBXBuildFile; fileRef = D3CBD6B51D0411E200AE443A /* Unit.swift */; };
		D3CBD6BC1D0419CF00AE443A /* EnemiesViewController.swift in Sources */ = {isa = PBXBuildFile; fileRef = D3CBD6BB1D0419CF00AE443A /* EnemiesViewController.swift */; };
		D3CBD6BE1D041E4A00AE443A /* StringExtension.swift in Sources */ = {isa = PBXBuildFile; fileRef = D3CBD6BD1D041E4A00AE443A /* StringExtension.swift */; };
		D3D546101D047F0500D3E983 /* GameColor.swift in Sources */ = {isa = PBXBuildFile; fileRef = D3D5460F1D047F0500D3E983 /* GameColor.swift */; };
/* End PBXBuildFile section */

/* Begin PBXFileReference section */
		D332C55E1D02AE3F000AB35A /* Avatar.swift */ = {isa = PBXFileReference; fileEncoding = 4; lastKnownFileType = sourcecode.swift; path = Avatar.swift; sourceTree = "<group>"; };
		D332C5621D02AF9B000AB35A /* ChoosingAvatarTableViewController.swift */ = {isa = PBXFileReference; fileEncoding = 4; lastKnownFileType = sourcecode.swift; path = ChoosingAvatarTableViewController.swift; sourceTree = "<group>"; };
		D332C5641D02F73B000AB35A /* SettingNameViewController.swift */ = {isa = PBXFileReference; fileEncoding = 4; lastKnownFileType = sourcecode.swift; path = SettingNameViewController.swift; sourceTree = "<group>"; };
		D332C5661D03132F000AB35A /* Constant.swift */ = {isa = PBXFileReference; fileEncoding = 4; lastKnownFileType = sourcecode.swift; path = Constant.swift; sourceTree = "<group>"; };
		D3C6104A1D016DB5003038B9 /* DebuggingGame.app */ = {isa = PBXFileReference; explicitFileType = wrapper.application; includeInIndex = 0; path = DebuggingGame.app; sourceTree = BUILT_PRODUCTS_DIR; };
		D3C6104D1D016DB5003038B9 /* AppDelegate.swift */ = {isa = PBXFileReference; lastKnownFileType = sourcecode.swift; path = AppDelegate.swift; sourceTree = "<group>"; };
		D3C610541D016DB5003038B9 /* Base */ = {isa = PBXFileReference; lastKnownFileType = file.storyboard; name = Base; path = Base.lproj/Main.storyboard; sourceTree = "<group>"; };
		D3C610561D016DB5003038B9 /* Assets.xcassets */ = {isa = PBXFileReference; lastKnownFileType = folder.assetcatalog; path = Assets.xcassets; sourceTree = "<group>"; };
		D3C610591D016DB5003038B9 /* Base */ = {isa = PBXFileReference; lastKnownFileType = file.storyboard; name = Base; path = Base.lproj/LaunchScreen.storyboard; sourceTree = "<group>"; };
		D3C6105B1D016DB5003038B9 /* Info.plist */ = {isa = PBXFileReference; lastKnownFileType = text.plist.xml; path = Info.plist; sourceTree = "<group>"; };
		D3C610611D019A21003038B9 /* ProfileViewController.swift */ = {isa = PBXFileReference; fileEncoding = 4; lastKnownFileType = sourcecode.swift; path = ProfileViewController.swift; sourceTree = "<group>"; };
		D3CBD6B31D04110500AE443A /* BattleViewController.swift */ = {isa = PBXFileReference; fileEncoding = 4; lastKnownFileType = sourcecode.swift; path = BattleViewController.swift; sourceTree = "<group>"; };
		D3CBD6B51D0411E200AE443A /* Unit.swift */ = {isa = PBXFileReference; fileEncoding = 4; lastKnownFileType = sourcecode.swift; path = Unit.swift; sourceTree = "<group>"; };
		D3CBD6BB1D0419CF00AE443A /* EnemiesViewController.swift */ = {isa = PBXFileReference; fileEncoding = 4; lastKnownFileType = sourcecode.swift; path = EnemiesViewController.swift; sourceTree = "<group>"; };
		D3CBD6BD1D041E4A00AE443A /* StringExtension.swift */ = {isa = PBXFileReference; fileEncoding = 4; lastKnownFileType = sourcecode.swift; path = StringExtension.swift; sourceTree = "<group>"; };
		D3D5460F1D047F0500D3E983 /* GameColor.swift */ = {isa = PBXFileReference; fileEncoding = 4; lastKnownFileType = sourcecode.swift; path = GameColor.swift; sourceTree = "<group>"; };
/* End PBXFileReference section */

/* Begin PBXFrameworksBuildPhase section */
		D3C610471D016DB5003038B9 /* Frameworks */ = {
			isa = PBXFrameworksBuildPhase;
			buildActionMask = 2147483647;
			files = (
			);
			runOnlyForDeploymentPostprocessing = 0;
		};
/* End PBXFrameworksBuildPhase section */

/* Begin PBXGroup section */
		D3C610411D016DB5003038B9 = {
			isa = PBXGroup;
			children = (
				D3C6104C1D016DB5003038B9 /* DebuggingGame */,
				D3C6104B1D016DB5003038B9 /* Products */,
			);
			sourceTree = "<group>";
		};
		D3C6104B1D016DB5003038B9 /* Products */ = {
			isa = PBXGroup;
			children = (
				D3C6104A1D016DB5003038B9 /* DebuggingGame.app */,
			);
			name = Products;
			sourceTree = "<group>";
		};
		D3C6104C1D016DB5003038B9 /* DebuggingGame */ = {
			isa = PBXGroup;
			children = (
				D3C6104D1D016DB5003038B9 /* AppDelegate.swift */,
				D3C610531D016DB5003038B9 /* Main.storyboard */,
				D3C610561D016DB5003038B9 /* Assets.xcassets */,
				D3C610581D016DB5003038B9 /* LaunchScreen.storyboard */,
				D3C6105B1D016DB5003038B9 /* Info.plist */,
				D3C610611D019A21003038B9 /* ProfileViewController.swift */,
				D332C55E1D02AE3F000AB35A /* Avatar.swift */,
				D332C5621D02AF9B000AB35A /* ChoosingAvatarTableViewController.swift */,
				D332C5641D02F73B000AB35A /* SettingNameViewController.swift */,
				D332C5661D03132F000AB35A /* Constant.swift */,
				D3CBD6B31D04110500AE443A /* BattleViewController.swift */,
				D3CBD6B51D0411E200AE443A /* Unit.swift */,
				D3CBD6BB1D0419CF00AE443A /* EnemiesViewController.swift */,
				D3CBD6BD1D041E4A00AE443A /* StringExtension.swift */,
				D3D5460F1D047F0500D3E983 /* GameColor.swift */,
			);
			path = DebuggingGame;
			sourceTree = "<group>";
		};
/* End PBXGroup section */

/* Begin PBXNativeTarget section */
		D3C610491D016DB5003038B9 /* DebuggingGame */ = {
			isa = PBXNativeTarget;
			buildConfigurationList = D3C6105E1D016DB5003038B9 /* Build configuration list for PBXNativeTarget "DebuggingGame" */;
			buildPhases = (
				D3C610461D016DB5003038B9 /* Sources */,
				D3C610471D016DB5003038B9 /* Frameworks */,
				D3C610481D016DB5003038B9 /* Resources */,
			);
			buildRules = (
			);
			dependencies = (
			);
			name = DebuggingGame;
			productName = DebuggingGame;
			productReference = D3C6104A1D016DB5003038B9 /* DebuggingGame.app */;
			productType = "com.apple.product-type.application";
		};
/* End PBXNativeTarget section */

/* Begin PBXProject section */
		D3C610421D016DB5003038B9 /* Project object */ = {
			isa = PBXProject;
			attributes = {
				LastSwiftUpdateCheck = 0730;
				LastUpgradeCheck = 0730;
				ORGANIZATIONNAME = AlphaCamp;
				TargetAttributes = {
					D3C610491D016DB5003038B9 = {
						CreatedOnToolsVersion = 7.3.1;
					};
				};
			};
			buildConfigurationList = D3C610451D016DB5003038B9 /* Build configuration list for PBXProject "DebuggingGame" */;
			compatibilityVersion = "Xcode 3.2";
			developmentRegion = English;
			hasScannedForEncodings = 0;
			knownRegions = (
				en,
				Base,
			);
			mainGroup = D3C610411D016DB5003038B9;
			productRefGroup = D3C6104B1D016DB5003038B9 /* Products */;
			projectDirPath = "";
			projectRoot = "";
			targets = (
				D3C610491D016DB5003038B9 /* DebuggingGame */,
			);
		};
/* End PBXProject section */

/* Begin PBXResourcesBuildPhase section */
		D3C610481D016DB5003038B9 /* Resources */ = {
			isa = PBXResourcesBuildPhase;
			buildActionMask = 2147483647;
			files = (
				D3C6105A1D016DB5003038B9 /* LaunchScreen.storyboard in Resources */,
				D3C610571D016DB5003038B9 /* Assets.xcassets in Resources */,
				D3C610551D016DB5003038B9 /* Main.storyboard in Resources */,
			);
			runOnlyForDeploymentPostprocessing = 0;
		};
/* End PBXResourcesBuildPhase section */

/* Begin PBXSourcesBuildPhase section */
		D3C610461D016DB5003038B9 /* Sources */ = {
			isa = PBXSourcesBuildPhase;
			buildActionMask = 2147483647;
			files = (
				D3CBD6B41D04110500AE443A /* BattleViewController.swift in Sources */,
				D3C610621D019A21003038B9 /* ProfileViewController.swift in Sources */,
				D3CBD6BE1D041E4A00AE443A /* StringExtension.swift in Sources */,
				D332C5651D02F73B000AB35A /* SettingNameViewController.swift in Sources */,
				D332C55F1D02AE3F000AB35A /* Avatar.swift in Sources */,
				D332C5631D02AF9B000AB35A /* ChoosingAvatarTableViewController.swift in Sources */,
				D3CBD6B61D0411E200AE443A /* Unit.swift in Sources */,
				D3C6104E1D016DB5003038B9 /* AppDelegate.swift in Sources */,
				D3CBD6BC1D0419CF00AE443A /* EnemiesViewController.swift in Sources */,
				D3D546101D047F0500D3E983 /* GameColor.swift in Sources */,
				D332C5671D03132F000AB35A /* Constant.swift in Sources */,
			);
			runOnlyForDeploymentPostprocessing = 0;
		};
/* End PBXSourcesBuildPhase section */

/* Begin PBXVariantGroup section */
		D3C610531D016DB5003038B9 /* Main.storyboard */ = {
			isa = PBXVariantGroup;
			children = (
				D3C610541D016DB5003038B9 /* Base */,
			);
			name = Main.storyboard;
			sourceTree = "<group>";
		};
		D3C610581D016DB5003038B9 /* LaunchScreen.storyboard */ = {
			isa = PBXVariantGroup;
			children = (
				D3C610591D016DB5003038B9 /* Base */,
			);
			name = LaunchScreen.storyboard;
			sourceTree = "<group>";
		};
/* End PBXVariantGroup section */

/* Begin XCBuildConfiguration section */
		D3C6105C1D016DB5003038B9 /* Debug */ = {
			isa = XCBuildConfiguration;
			buildSettings = {
				ALWAYS_SEARCH_USER_PATHS = NO;
				CLANG_ANALYZER_NONNULL = YES;
				CLANG_CXX_LANGUAGE_STANDARD = "gnu++0x";
				CLANG_CXX_LIBRARY = "libc++";
				CLANG_ENABLE_MODULES = YES;
				CLANG_ENABLE_OBJC_ARC = YES;
				CLANG_WARN_BOOL_CONVERSION = YES;
				CLANG_WARN_CONSTANT_CONVERSION = YES;
				CLANG_WARN_DIRECT_OBJC_ISA_USAGE = YES_ERROR;
				CLANG_WARN_EMPTY_BODY = YES;
				CLANG_WARN_ENUM_CONVERSION = YES;
				CLANG_WARN_INT_CONVERSION = YES;
				CLANG_WARN_OBJC_ROOT_CLASS = YES_ERROR;
				CLANG_WARN_UNREACHABLE_CODE = YES;
				CLANG_WARN__DUPLICATE_METHOD_MATCH = YES;
				"CODE_SIGN_IDENTITY[sdk=iphoneos*]" = "iPhone Developer";
				COPY_PHASE_STRIP = NO;
				DEBUG_INFORMATION_FORMAT = dwarf;
				ENABLE_STRICT_OBJC_MSGSEND = YES;
				ENABLE_TESTABILITY = YES;
				GCC_C_LANGUAGE_STANDARD = gnu99;
				GCC_DYNAMIC_NO_PIC = NO;
				GCC_NO_COMMON_BLOCKS = YES;
				GCC_OPTIMIZATION_LEVEL = 0;
				GCC_PREPROCESSOR_DEFINITIONS = (
					"DEBUG=1",
					"$(inherited)",
				);
				GCC_WARN_64_TO_32_BIT_CONVERSION = YES;
				GCC_WARN_ABOUT_RETURN_TYPE = YES_ERROR;
				GCC_WARN_UNDECLARED_SELECTOR = YES;
				GCC_WARN_UNINITIALIZED_AUTOS = YES_AGGRESSIVE;
				GCC_WARN_UNUSED_FUNCTION = YES;
				GCC_WARN_UNUSED_VARIABLE = YES;
				IPHONEOS_DEPLOYMENT_TARGET = 9.3;
				MTL_ENABLE_DEBUG_INFO = YES;
				ONLY_ACTIVE_ARCH = YES;
				SDKROOT = iphoneos;
				SWIFT_OPTIMIZATION_LEVEL = "-Onone";
				TARGETED_DEVICE_FAMILY = "1,2";
			};
			name = Debug;
		};
		D3C6105D1D016DB5003038B9 /* Release */ = {
			isa = XCBuildConfiguration;
			buildSettings = {
				ALWAYS_SEARCH_USER_PATHS = NO;
				CLANG_ANALYZER_NONNULL = YES;
				CLANG_CXX_LANGUAGE_STANDARD = "gnu++0x";
				CLANG_CXX_LIBRARY = "libc++";
				CLANG_ENABLE_MODULES = YES;
				CLANG_ENABLE_OBJC_ARC = YES;
				CLANG_WARN_BOOL_CONVERSION = YES;
				CLANG_WARN_CONSTANT_CONVERSION = YES;
				CLANG_WARN_DIRECT_OBJC_ISA_USAGE = YES_ERROR;
				CLANG_WARN_EMPTY_BODY = YES;
				CLANG_WARN_ENUM_CONVERSION = YES;
				CLANG_WARN_INT_CONVERSION = YES;
				CLANG_WARN_OBJC_ROOT_CLASS = YES_ERROR;
				CLANG_WARN_UNREACHABLE_CODE = YES;
				CLANG_WARN__DUPLICATE_METHOD_MATCH = YES;
				"CODE_SIGN_IDENTITY[sdk=iphoneos*]" = "iPhone Developer";
				COPY_PHASE_STRIP = NO;
				DEBUG_INFORMATION_FORMAT = "dwarf-with-dsym";
				ENABLE_NS_ASSERTIONS = NO;
				ENABLE_STRICT_OBJC_MSGSEND = YES;
				GCC_C_LANGUAGE_STANDARD = gnu99;
				GCC_NO_COMMON_BLOCKS = YES;
				GCC_WARN_64_TO_32_BIT_CONVERSION = YES;
				GCC_WARN_ABOUT_RETURN_TYPE = YES_ERROR;
				GCC_WARN_UNDECLARED_SELECTOR = YES;
				GCC_WARN_UNINITIALIZED_AUTOS = YES_AGGRESSIVE;
				GCC_WARN_UNUSED_FUNCTION = YES;
				GCC_WARN_UNUSED_VARIABLE = YES;
				IPHONEOS_DEPLOYMENT_TARGET = 9.3;
				MTL_ENABLE_DEBUG_INFO = NO;
				SDKROOT = iphoneos;
				TARGETED_DEVICE_FAMILY = "1,2";
				VALIDATE_PRODUCT = YES;
			};
			name = Release;
		};
		D3C6105F1D016DB5003038B9 /* Debug */ = {
			isa = XCBuildConfiguration;
			buildSettings = {
				ASSETCATALOG_COMPILER_APPICON_NAME = AppIcon;
				INFOPLIST_FILE = DebuggingGame/Info.plist;
				LD_RUNPATH_SEARCH_PATHS = "$(inherited) @executable_path/Frameworks";
				PRODUCT_BUNDLE_IDENTIFIER = co.AlphaCamp.DebuggingGame;
				PRODUCT_NAME = "$(TARGET_NAME)";
			};
			name = Debug;
		};
		D3C610601D016DB5003038B9 /* Release */ = {
			isa = XCBuildConfiguration;
			buildSettings = {
				ASSETCATALOG_COMPILER_APPICON_NAME = AppIcon;
				INFOPLIST_FILE = DebuggingGame/Info.plist;
				LD_RUNPATH_SEARCH_PATHS = "$(inherited) @executable_path/Frameworks";
				PRODUCT_BUNDLE_IDENTIFIER = co.AlphaCamp.DebuggingGame;
				PRODUCT_NAME = "$(TARGET_NAME)";
			};
			name = Release;
		};
/* End XCBuildConfiguration section */

/* Begin XCConfigurationList section */
		D3C610451D016DB5003038B9 /* Build configuration list for PBXProject "DebuggingGame" */ = {
			isa = XCConfigurationList;
			buildConfigurations = (
				D3C6105C1D016DB5003038B9 /* Debug */,
				D3C6105D1D016DB5003038B9 /* Release */,
			);
			defaultConfigurationIsVisible = 0;
			defaultConfigurationName = Release;
		};
		D3C6105E1D016DB5003038B9 /* Build configuration list for PBXNativeTarget "DebuggingGame" */ = {
			isa = XCConfigurationList;
			buildConfigurations = (
				D3C6105F1D016DB5003038B9 /* Debug */,
				D3C610601D016DB5003038B9 /* Release */,
			);
			defaultConfigurationIsVisible = 0;
			defaultConfigurationName = Release;
		};
/* End XCConfigurationList section */
	};
	rootObject = D3C610421D016DB5003038B9 /* Project object */;
}
